
Microsoft Visual Studio Solution File, Format Version 12.00
# Visual Studio Version 17
VisualStudioVersion = 17.4.33213.308
MinimumVisualStudioVersion = 10.0.40219.1
Project("{FAE04EC0-301F-11D3-BF4B-00C04F79EFBC}") = "WinFormsApp3", "WinFormsApp3\WinFormsApp3.csproj", "{BFC936E8-4927-4EDE-A700-1B5109056EB6}"
EndProject
Global
	GlobalSection(SolutionConfigurationPlatforms) = preSolution
		Debug|Any CPU = Debug|Any CPU
		Release|Any CPU = Release|Any CPU
	EndGlobalSection
	GlobalSection(ProjectConfigurationPlatforms) = postSolution
		{BFC936E8-4927-4EDE-A700-1B5109056EB6}.Debug|Any CPU.ActiveCfg = Debug|Any CPU
		{BFC936E8-4927-4EDE-A700-1B5109056EB6}.Debug|Any CPU.Build.0 = Debug|Any CPU
		{BFC936E8-4927-4EDE-A700-1B5109056EB6}.Release|Any CPU.ActiveCfg = Release|Any CPU
		{BFC936E8-4927-4EDE-A700-1B5109056EB6}.Release|Any CPU.Build.0 = Release|Any CPU
	EndGlobalSection
	GlobalSection(SolutionProperties) = preSolution
		HideSolutionNode = FALSE
	EndGlobalSection
	GlobalSection(ExtensibilityGlobals) = postSolution
		SolutionGuid = {E811E08B-3245-4309-BAED-FCF27FC66B85}
	EndGlobalSection
EndGlobal
