
Microsoft Visual Studio Solution File, Format Version 12.00
# Visual Studio Version 17
VisualStudioVersion = 17.4.33213.308
MinimumVisualStudioVersion = 10.0.40219.1
Project("{FAE04EC0-301F-11D3-BF4B-00C04F79EFBC}") = "WinFormsApp2", "WinFormsApp2\WinFormsApp2.csproj", "{FD80B66F-381F-4162-B5E9-4C339ED332F6}"
EndProject
Global
	GlobalSection(SolutionConfigurationPlatforms) = preSolution
		Debug|Any CPU = Debug|Any CPU
		Release|Any CPU = Release|Any CPU
	EndGlobalSection
	GlobalSection(ProjectConfigurationPlatforms) = postSolution
		{FD80B66F-381F-4162-B5E9-4C339ED332F6}.Debug|Any CPU.ActiveCfg = Debug|Any CPU
		{FD80B66F-381F-4162-B5E9-4C339ED332F6}.Debug|Any CPU.Build.0 = Debug|Any CPU
		{FD80B66F-381F-4162-B5E9-4C339ED332F6}.Release|Any CPU.ActiveCfg = Release|Any CPU
		{FD80B66F-381F-4162-B5E9-4C339ED332F6}.Release|Any CPU.Build.0 = Release|Any CPU
	EndGlobalSection
	GlobalSection(SolutionProperties) = preSolution
		HideSolutionNode = FALSE
	EndGlobalSection
	GlobalSection(ExtensibilityGlobals) = postSolution
		SolutionGuid = {A4A22BB7-2976-400D-8D96-17DBEFD39136}
	EndGlobalSection
EndGlobal
